// !$*UTF8*$!
{
	archiveVersion = 1;
	classes = {
	};
	objectVersion = 50;
	objects = {

/* Begin PBXBuildFile section */
		B12682ED25CA4F2B00D325EA /* _5_WordScrambleApp.swift in Sources */ = {isa = PBXBuildFile; fileRef = B12682EC25CA4F2B00D325EA /* _5_WordScrambleApp.swift */; };
		B12682EF25CA4F2B00D325EA /* ContentView.swift in Sources */ = {isa = PBXBuildFile; fileRef = B12682EE25CA4F2B00D325EA /* ContentView.swift */; };
		B12682F125CA4F3800D325EA /* Assets.xcassets in Resources */ = {isa = PBXBuildFile; fileRef = B12682F025CA4F3800D325EA /* Assets.xcassets */; };
		B12682F425CA4F3800D325EA /* Preview Assets.xcassets in Resources */ = {isa = PBXBuildFile; fileRef = B12682F325CA4F3800D325EA /* Preview Assets.xcassets */; };
		B12682FF25CA4F3A00D325EA /* _5_WordScrambleTests.swift in Sources */ = {isa = PBXBuildFile; fileRef = B12682FE25CA4F3A00D325EA /* _5_WordScrambleTests.swift */; };
		B126830A25CA4F3A00D325EA /* _5_WordScrambleUITests.swift in Sources */ = {isa = PBXBuildFile; fileRef = B126830925CA4F3A00D325EA /* _5_WordScrambleUITests.swift */; };
		B126831B25CA4F9A00D325EA /* Notes.swift in Sources */ = {isa = PBXBuildFile; fileRef = B126831A25CA4F9A00D325EA /* Notes.swift */; };
		B126832825CA858100D325EA /* Day Two Notes.swift in Sources */ = {isa = PBXBuildFile; fileRef = B126832725CA858100D325EA /* Day Two Notes.swift */; };
		B126832D25CA9C6E00D325EA /* start.txt in Resources */ = {isa = PBXBuildFile; fileRef = B126832C25CA9C6E00D325EA /* start.txt */; };
/* End PBXBuildFile section */

/* Begin PBXContainerItemProxy section */
		B12682FB25CA4F3A00D325EA /* PBXContainerItemProxy */ = {
			isa = PBXContainerItemProxy;
			containerPortal = B12682E125CA4F2B00D325EA /* Project object */;
			proxyType = 1;
			remoteGlobalIDString = B12682E825CA4F2B00D325EA;
			remoteInfo = 05_WordScramble;
		};
		B126830625CA4F3A00D325EA /* PBXContainerItemProxy */ = {
			isa = PBXContainerItemProxy;
			containerPortal = B12682E125CA4F2B00D325EA /* Project object */;
			proxyType = 1;
			remoteGlobalIDString = B12682E825CA4F2B00D325EA;
			remoteInfo = 05_WordScramble;
		};
/* End PBXContainerItemProxy section */

/* Begin PBXFileReference section */
		B12682E925CA4F2B00D325EA /* 05_WordScramble.app */ = {isa = PBXFileReference; explicitFileType = wrapper.application; includeInIndex = 0; path = 05_WordScramble.app; sourceTree = BUILT_PRODUCTS_DIR; };
		B12682EC25CA4F2B00D325EA /* _5_WordScrambleApp.swift */ = {isa = PBXFileReference; lastKnownFileType = sourcecode.swift; path = _5_WordScrambleApp.swift; sourceTree = "<group>"; };
		B12682EE25CA4F2B00D325EA /* ContentView.swift */ = {isa = PBXFileReference; lastKnownFileType = sourcecode.swift; path = ContentView.swift; sourceTree = "<group>"; };
		B12682F025CA4F3800D325EA /* Assets.xcassets */ = {isa = PBXFileReference; lastKnownFileType = folder.assetcatalog; path = Assets.xcassets; sourceTree = "<group>"; };
		B12682F325CA4F3800D325EA /* Preview Assets.xcassets */ = {isa = PBXFileReference; lastKnownFileType = folder.assetcatalog; path = "Preview Assets.xcassets"; sourceTree = "<group>"; };
		B12682F525CA4F3800D325EA /* Info.plist */ = {isa = PBXFileReference; lastKnownFileType = text.plist.xml; path = Info.plist; sourceTree = "<group>"; };
		B12682FA25CA4F3A00D325EA /* 05_WordScrambleTests.xctest */ = {isa = PBXFileReference; explicitFileType = wrapper.cfbundle; includeInIndex = 0; path = 05_WordScrambleTests.xctest; sourceTree = BUILT_PRODUCTS_DIR; };
		B12682FE25CA4F3A00D325EA /* _5_WordScrambleTests.swift */ = {isa = PBXFileReference; lastKnownFileType = sourcecode.swift; path = _5_WordScrambleTests.swift; sourceTree = "<group>"; };
		B126830025CA4F3A00D325EA /* Info.plist */ = {isa = PBXFileReference; lastKnownFileType = text.plist.xml; path = Info.plist; sourceTree = "<group>"; };
		B126830525CA4F3A00D325EA /* 05_WordScrambleUITests.xctest */ = {isa = PBXFileReference; explicitFileType = wrapper.cfbundle; includeInIndex = 0; path = 05_WordScrambleUITests.xctest; sourceTree = BUILT_PRODUCTS_DIR; };
		B126830925CA4F3A00D325EA /* _5_WordScrambleUITests.swift */ = {isa = PBXFileReference; lastKnownFileType = sourcecode.swift; path = _5_WordScrambleUITests.swift; sourceTree = "<group>"; };
		B126830B25CA4F3A00D325EA /* Info.plist */ = {isa = PBXFileReference; lastKnownFileType = text.plist.xml; path = Info.plist; sourceTree = "<group>"; };
		B126831A25CA4F9A00D325EA /* Notes.swift */ = {isa = PBXFileReference; lastKnownFileType = sourcecode.swift; path = Notes.swift; sourceTree = "<group>"; };
		B126832725CA858100D325EA /* Day Two Notes.swift */ = {isa = PBXFileReference; lastKnownFileType = sourcecode.swift; path = "Day Two Notes.swift"; sourceTree = "<group>"; };
		B126832C25CA9C6E00D325EA /* start.txt */ = {isa = PBXFileReference; fileEncoding = 4; lastKnownFileType = text; path = start.txt; sourceTree = "<group>"; };
/* End PBXFileReference section */

/* Begin PBXFrameworksBuildPhase section */
		B12682E625CA4F2B00D325EA /* Frameworks */ = {
			isa = PBXFrameworksBuildPhase;
			buildActionMask = 2147483647;
			files = (
			);
			runOnlyForDeploymentPostprocessing = 0;
		};
		B12682F725CA4F3A00D325EA /* Frameworks */ = {
			isa = PBXFrameworksBuildPhase;
			buildActionMask = 2147483647;
			files = (
			);
			runOnlyForDeploymentPostprocessing = 0;
		};
		B126830225CA4F3A00D325EA /* Frameworks */ = {
			isa = PBXFrameworksBuildPhase;
			buildActionMask = 2147483647;
			files = (
			);
			runOnlyForDeploymentPostprocessing = 0;
		};
/* End PBXFrameworksBuildPhase section */

/* Begin PBXGroup section */
		B12682E025CA4F2B00D325EA = {
			isa = PBXGroup;
			children = (
				B12682EB25CA4F2B00D325EA /* 05_WordScramble */,
				B12682FD25CA4F3A00D325EA /* 05_WordScrambleTests */,
				B126830825CA4F3A00D325EA /* 05_WordScrambleUITests */,
				B12682EA25CA4F2B00D325EA /* Products */,
			);
			sourceTree = "<group>";
		};
		B12682EA25CA4F2B00D325EA /* Products */ = {
			isa = PBXGroup;
			children = (
				B12682E925CA4F2B00D325EA /* 05_WordScramble.app */,
				B12682FA25CA4F3A00D325EA /* 05_WordScrambleTests.xctest */,
				B126830525CA4F3A00D325EA /* 05_WordScrambleUITests.xctest */,
			);
			name = Products;
			sourceTree = "<group>";
		};
		B12682EB25CA4F2B00D325EA /* 05_WordScramble */ = {
			isa = PBXGroup;
			children = (
				B12682EC25CA4F2B00D325EA /* _5_WordScrambleApp.swift */,
				B12682EE25CA4F2B00D325EA /* ContentView.swift */,
				B126831A25CA4F9A00D325EA /* Notes.swift */,
				B126832725CA858100D325EA /* Day Two Notes.swift */,
				B12682F025CA4F3800D325EA /* Assets.xcassets */,
				B126832C25CA9C6E00D325EA /* start.txt */,
				B12682F525CA4F3800D325EA /* Info.plist */,
				B12682F225CA4F3800D325EA /* Preview Content */,
			);
			path = 05_WordScramble;
			sourceTree = "<group>";
		};
		B12682F225CA4F3800D325EA /* Preview Content */ = {
			isa = PBXGroup;
			children = (
				B12682F325CA4F3800D325EA /* Preview Assets.xcassets */,
			);
			path = "Preview Content";
			sourceTree = "<group>";
		};
		B12682FD25CA4F3A00D325EA /* 05_WordScrambleTests */ = {
			isa = PBXGroup;
			children = (
				B12682FE25CA4F3A00D325EA /* _5_WordScrambleTests.swift */,
				B126830025CA4F3A00D325EA /* Info.plist */,
			);
			path = 05_WordScrambleTests;
			sourceTree = "<group>";
		};
		B126830825CA4F3A00D325EA /* 05_WordScrambleUITests */ = {
			isa = PBXGroup;
			children = (
				B126830925CA4F3A00D325EA /* _5_WordScrambleUITests.swift */,
				B126830B25CA4F3A00D325EA /* Info.plist */,
			);
			path = 05_WordScrambleUITests;
			sourceTree = "<group>";
		};
/* End PBXGroup section */

/* Begin PBXNativeTarget section */
		B12682E825CA4F2B00D325EA /* 05_WordScramble */ = {
			isa = PBXNativeTarget;
			buildConfigurationList = B126830E25CA4F3A00D325EA /* Build configuration list for PBXNativeTarget "05_WordScramble" */;
			buildPhases = (
				B12682E525CA4F2B00D325EA /* Sources */,
				B12682E625CA4F2B00D325EA /* Frameworks */,
				B12682E725CA4F2B00D325EA /* Resources */,
			);
			buildRules = (
			);
			dependencies = (
			);
			name = 05_WordScramble;
			productName = 05_WordScramble;
			productReference = B12682E925CA4F2B00D325EA /* 05_WordScramble.app */;
			productType = "com.apple.product-type.application";
		};
		B12682F925CA4F3A00D325EA /* 05_WordScrambleTests */ = {
			isa = PBXNativeTarget;
			buildConfigurationList = B126831125CA4F3A00D325EA /* Build configuration list for PBXNativeTarget "05_WordScrambleTests" */;
			buildPhases = (
				B12682F625CA4F3A00D325EA /* Sources */,
				B12682F725CA4F3A00D325EA /* Frameworks */,
				B12682F825CA4F3A00D325EA /* Resources */,
			);
			buildRules = (
			);
			dependencies = (
				B12682FC25CA4F3A00D325EA /* PBXTargetDependency */,
			);
			name = 05_WordScrambleTests;
			productName = 05_WordScrambleTests;
			productReference = B12682FA25CA4F3A00D325EA /* 05_WordScrambleTests.xctest */;
			productType = "com.apple.product-type.bundle.unit-test";
		};
		B126830425CA4F3A00D325EA /* 05_WordScrambleUITests */ = {
			isa = PBXNativeTarget;
			buildConfigurationList = B126831425CA4F3A00D325EA /* Build configuration list for PBXNativeTarget "05_WordScrambleUITests" */;
			buildPhases = (
				B126830125CA4F3A00D325EA /* Sources */,
				B126830225CA4F3A00D325EA /* Frameworks */,
				B126830325CA4F3A00D325EA /* Resources */,
			);
			buildRules = (
			);
			dependencies = (
				B126830725CA4F3A00D325EA /* PBXTargetDependency */,
			);
			name = 05_WordScrambleUITests;
			productName = 05_WordScrambleUITests;
			productReference = B126830525CA4F3A00D325EA /* 05_WordScrambleUITests.xctest */;
			productType = "com.apple.product-type.bundle.ui-testing";
		};
/* End PBXNativeTarget section */

/* Begin PBXProject section */
		B12682E125CA4F2B00D325EA /* Project object */ = {
			isa = PBXProject;
			attributes = {
				LastSwiftUpdateCheck = 1230;
				LastUpgradeCheck = 1230;
				TargetAttributes = {
					B12682E825CA4F2B00D325EA = {
						CreatedOnToolsVersion = 12.3;
					};
					B12682F925CA4F3A00D325EA = {
						CreatedOnToolsVersion = 12.3;
						TestTargetID = B12682E825CA4F2B00D325EA;
					};
					B126830425CA4F3A00D325EA = {
						CreatedOnToolsVersion = 12.3;
						TestTargetID = B12682E825CA4F2B00D325EA;
					};
				};
			};
			buildConfigurationList = B12682E425CA4F2B00D325EA /* Build configuration list for PBXProject "05_WordScramble" */;
			compatibilityVersion = "Xcode 9.3";
			developmentRegion = en;
			hasScannedForEncodings = 0;
			knownRegions = (
				en,
				Base,
			);
			mainGroup = B12682E025CA4F2B00D325EA;
			productRefGroup = B12682EA25CA4F2B00D325EA /* Products */;
			projectDirPath = "";
			projectRoot = "";
			targets = (
				B12682E825CA4F2B00D325EA /* 05_WordScramble */,
				B12682F925CA4F3A00D325EA /* 05_WordScrambleTests */,
				B126830425CA4F3A00D325EA /* 05_WordScrambleUITests */,
			);
		};
/* End PBXProject section */

/* Begin PBXResourcesBuildPhase section */
		B12682E725CA4F2B00D325EA /* Resources */ = {
			isa = PBXResourcesBuildPhase;
			buildActionMask = 2147483647;
			files = (
				B12682F425CA4F3800D325EA /* Preview Assets.xcassets in Resources */,
				B126832D25CA9C6E00D325EA /* start.txt in Resources */,
				B12682F125CA4F3800D325EA /* Assets.xcassets in Resources */,
			);
			runOnlyForDeploymentPostprocessing = 0;
		};
		B12682F825CA4F3A00D325EA /* Resources */ = {
			isa = PBXResourcesBuildPhase;
			buildActionMask = 2147483647;
			files = (
			);
			runOnlyForDeploymentPostprocessing = 0;
		};
		B126830325CA4F3A00D325EA /* Resources */ = {
			isa = PBXResourcesBuildPhase;
			buildActionMask = 2147483647;
			files = (
			);
			runOnlyForDeploymentPostprocessing = 0;
		};
/* End PBXResourcesBuildPhase section */

/* Begin PBXSourcesBuildPhase section */
		B12682E525CA4F2B00D325EA /* Sources */ = {
			isa = PBXSourcesBuildPhase;
			buildActionMask = 2147483647;
			files = (
				B12682EF25CA4F2B00D325EA /* ContentView.swift in Sources */,
				B12682ED25CA4F2B00D325EA /* _5_WordScrambleApp.swift in Sources */,
				B126831B25CA4F9A00D325EA /* Notes.swift in Sources */,
				B126832825CA858100D325EA /* Day Two Notes.swift in Sources */,
			);
			runOnlyForDeploymentPostprocessing = 0;
		};
		B12682F625CA4F3A00D325EA /* Sources */ = {
			isa = PBXSourcesBuildPhase;
			buildActionMask = 2147483647;
			files = (
				B12682FF25CA4F3A00D325EA /* _5_WordScrambleTests.swift in Sources */,
			);
			runOnlyForDeploymentPostprocessing = 0;
		};
		B126830125CA4F3A00D325EA /* Sources */ = {
			isa = PBXSourcesBuildPhase;
			buildActionMask = 2147483647;
			files = (
				B126830A25CA4F3A00D325EA /* _5_WordScrambleUITests.swift in Sources */,
			);
			runOnlyForDeploymentPostprocessing = 0;
		};
/* End PBXSourcesBuildPhase section */

/* Begin PBXTargetDependency section */
		B12682FC25CA4F3A00D325EA /* PBXTargetDependency */ = {
			isa = PBXTargetDependency;
			target = B12682E825CA4F2B00D325EA /* 05_WordScramble */;
			targetProxy = B12682FB25CA4F3A00D325EA /* PBXContainerItemProxy */;
		};
		B126830725CA4F3A00D325EA /* PBXTargetDependency */ = {
			isa = PBXTargetDependency;
			target = B12682E825CA4F2B00D325EA /* 05_WordScramble */;
			targetProxy = B126830625CA4F3A00D325EA /* PBXContainerItemProxy */;
		};
/* End PBXTargetDependency section */

/* Begin XCBuildConfiguration section */
		B126830C25CA4F3A00D325EA /* Debug */ = {
			isa = XCBuildConfiguration;
			buildSettings = {
				ALWAYS_SEARCH_USER_PATHS = NO;
				CLANG_ANALYZER_NONNULL = YES;
				CLANG_ANALYZER_NUMBER_OBJECT_CONVERSION = YES_AGGRESSIVE;
				CLANG_CXX_LANGUAGE_STANDARD = "gnu++14";
				CLANG_CXX_LIBRARY = "libc++";
				CLANG_ENABLE_MODULES = YES;
				CLANG_ENABLE_OBJC_ARC = YES;
				CLANG_ENABLE_OBJC_WEAK = YES;
				CLANG_WARN_BLOCK_CAPTURE_AUTORELEASING = YES;
				CLANG_WARN_BOOL_CONVERSION = YES;
				CLANG_WARN_COMMA = YES;
				CLANG_WARN_CONSTANT_CONVERSION = YES;
				CLANG_WARN_DEPRECATED_OBJC_IMPLEMENTATIONS = YES;
				CLANG_WARN_DIRECT_OBJC_ISA_USAGE = YES_ERROR;
				CLANG_WARN_DOCUMENTATION_COMMENTS = YES;
				CLANG_WARN_EMPTY_BODY = YES;
				CLANG_WARN_ENUM_CONVERSION = YES;
				CLANG_WARN_INFINITE_RECURSION = YES;
				CLANG_WARN_INT_CONVERSION = YES;
				CLANG_WARN_NON_LITERAL_NULL_CONVERSION = YES;
				CLANG_WARN_OBJC_IMPLICIT_RETAIN_SELF = YES;
				CLANG_WARN_OBJC_LITERAL_CONVERSION = YES;
				CLANG_WARN_OBJC_ROOT_CLASS = YES_ERROR;
				CLANG_WARN_QUOTED_INCLUDE_IN_FRAMEWORK_HEADER = YES;
				CLANG_WARN_RANGE_LOOP_ANALYSIS = YES;
				CLANG_WARN_STRICT_PROTOTYPES = YES;
				CLANG_WARN_SUSPICIOUS_MOVE = YES;
				CLANG_WARN_UNGUARDED_AVAILABILITY = YES_AGGRESSIVE;
				CLANG_WARN_UNREACHABLE_CODE = YES;
				CLANG_WARN__DUPLICATE_METHOD_MATCH = YES;
				COPY_PHASE_STRIP = NO;
				DEBUG_INFORMATION_FORMAT = dwarf;
				ENABLE_STRICT_OBJC_MSGSEND = YES;
				ENABLE_TESTABILITY = YES;
				GCC_C_LANGUAGE_STANDARD = gnu11;
				GCC_DYNAMIC_NO_PIC = NO;
				GCC_NO_COMMON_BLOCKS = YES;
				GCC_OPTIMIZATION_LEVEL = 0;
				GCC_PREPROCESSOR_DEFINITIONS = (
					"DEBUG=1",
					"$(inherited)",
				);
				GCC_WARN_64_TO_32_BIT_CONVERSION = YES;
				GCC_WARN_ABOUT_RETURN_TYPE = YES_ERROR;
				GCC_WARN_UNDECLARED_SELECTOR = YES;
				GCC_WARN_UNINITIALIZED_AUTOS = YES_AGGRESSIVE;
				GCC_WARN_UNUSED_FUNCTION = YES;
				GCC_WARN_UNUSED_VARIABLE = YES;
				IPHONEOS_DEPLOYMENT_TARGET = 14.3;
				MTL_ENABLE_DEBUG_INFO = INCLUDE_SOURCE;
				MTL_FAST_MATH = YES;
				ONLY_ACTIVE_ARCH = YES;
				SDKROOT = iphoneos;
				SWIFT_ACTIVE_COMPILATION_CONDITIONS = DEBUG;
				SWIFT_OPTIMIZATION_LEVEL = "-Onone";
			};
			name = Debug;
		};
		B126830D25CA4F3A00D325EA /* Release */ = {
			isa = XCBuildConfiguration;
			buildSettings = {
				ALWAYS_SEARCH_USER_PATHS = NO;
				CLANG_ANALYZER_NONNULL = YES;
				CLANG_ANALYZER_NUMBER_OBJECT_CONVERSION = YES_AGGRESSIVE;
				CLANG_CXX_LANGUAGE_STANDARD = "gnu++14";
				CLANG_CXX_LIBRARY = "libc++";
				CLANG_ENABLE_MODULES = YES;
				CLANG_ENABLE_OBJC_ARC = YES;
				CLANG_ENABLE_OBJC_WEAK = YES;
				CLANG_WARN_BLOCK_CAPTURE_AUTORELEASING = YES;
				CLANG_WARN_BOOL_CONVERSION = YES;
				CLANG_WARN_COMMA = YES;
				CLANG_WARN_CONSTANT_CONVERSION = YES;
				CLANG_WARN_DEPRECATED_OBJC_IMPLEMENTATIONS = YES;
				CLANG_WARN_DIRECT_OBJC_ISA_USAGE = YES_ERROR;
				CLANG_WARN_DOCUMENTATION_COMMENTS = YES;
				CLANG_WARN_EMPTY_BODY = YES;
				CLANG_WARN_ENUM_CONVERSION = YES;
				CLANG_WARN_INFINITE_RECURSION = YES;
				CLANG_WARN_INT_CONVERSION = YES;
				CLANG_WARN_NON_LITERAL_NULL_CONVERSION = YES;
				CLANG_WARN_OBJC_IMPLICIT_RETAIN_SELF = YES;
				CLANG_WARN_OBJC_LITERAL_CONVERSION = YES;
				CLANG_WARN_OBJC_ROOT_CLASS = YES_ERROR;
				CLANG_WARN_QUOTED_INCLUDE_IN_FRAMEWORK_HEADER = YES;
				CLANG_WARN_RANGE_LOOP_ANALYSIS = YES;
				CLANG_WARN_STRICT_PROTOTYPES = YES;
				CLANG_WARN_SUSPICIOUS_MOVE = YES;
				CLANG_WARN_UNGUARDED_AVAILABILITY = YES_AGGRESSIVE;
				CLANG_WARN_UNREACHABLE_CODE = YES;
				CLANG_WARN__DUPLICATE_METHOD_MATCH = YES;
				COPY_PHASE_STRIP = NO;
				DEBUG_INFORMATION_FORMAT = "dwarf-with-dsym";
				ENABLE_NS_ASSERTIONS = NO;
				ENABLE_STRICT_OBJC_MSGSEND = YES;
				GCC_C_LANGUAGE_STANDARD = gnu11;
				GCC_NO_COMMON_BLOCKS = YES;
				GCC_WARN_64_TO_32_BIT_CONVERSION = YES;
				GCC_WARN_ABOUT_RETURN_TYPE = YES_ERROR;
				GCC_WARN_UNDECLARED_SELECTOR = YES;
				GCC_WARN_UNINITIALIZED_AUTOS = YES_AGGRESSIVE;
				GCC_WARN_UNUSED_FUNCTION = YES;
				GCC_WARN_UNUSED_VARIABLE = YES;
				IPHONEOS_DEPLOYMENT_TARGET = 14.3;
				MTL_ENABLE_DEBUG_INFO = NO;
				MTL_FAST_MATH = YES;
				SDKROOT = iphoneos;
				SWIFT_COMPILATION_MODE = wholemodule;
				SWIFT_OPTIMIZATION_LEVEL = "-O";
				VALIDATE_PRODUCT = YES;
			};
			name = Release;
		};
		B126830F25CA4F3A00D325EA /* Debug */ = {
			isa = XCBuildConfiguration;
			buildSettings = {
				ASSETCATALOG_COMPILER_APPICON_NAME = AppIcon;
				ASSETCATALOG_COMPILER_GLOBAL_ACCENT_COLOR_NAME = AccentColor;
				CODE_SIGN_STYLE = Automatic;
				DEVELOPMENT_ASSET_PATHS = "\"05_WordScramble/Preview Content\"";
				DEVELOPMENT_TEAM = F23TSX4L63;
				ENABLE_PREVIEWS = YES;
				INFOPLIST_FILE = 05_WordScramble/Info.plist;
				IPHONEOS_DEPLOYMENT_TARGET = 14.0;
				LD_RUNPATH_SEARCH_PATHS = (
					"$(inherited)",
					"@executable_path/Frameworks",
				);
				PRODUCT_BUNDLE_IDENTIFIER = "austinDynamics.-5-WordScramble";
				PRODUCT_NAME = "$(TARGET_NAME)";
				SWIFT_VERSION = 5.0;
				TARGETED_DEVICE_FAMILY = "1,2";
			};
			name = Debug;
		};
		B126831025CA4F3A00D325EA /* Release */ = {
			isa = XCBuildConfiguration;
			buildSettings = {
				ASSETCATALOG_COMPILER_APPICON_NAME = AppIcon;
				ASSETCATALOG_COMPILER_GLOBAL_ACCENT_COLOR_NAME = AccentColor;
				CODE_SIGN_STYLE = Automatic;
				DEVELOPMENT_ASSET_PATHS = "\"05_WordScramble/Preview Content\"";
				DEVELOPMENT_TEAM = F23TSX4L63;
				ENABLE_PREVIEWS = YES;
				INFOPLIST_FILE = 05_WordScramble/Info.plist;
				IPHONEOS_DEPLOYMENT_TARGET = 14.0;
				LD_RUNPATH_SEARCH_PATHS = (
					"$(inherited)",
					"@executable_path/Frameworks",
				);
				PRODUCT_BUNDLE_IDENTIFIER = "austinDynamics.-5-WordScramble";
				PRODUCT_NAME = "$(TARGET_NAME)";
				SWIFT_VERSION = 5.0;
				TARGETED_DEVICE_FAMILY = "1,2";
			};
			name = Release;
		};
		B126831225CA4F3A00D325EA /* Debug */ = {
			isa = XCBuildConfiguration;
			buildSettings = {
				ALWAYS_EMBED_SWIFT_STANDARD_LIBRARIES = YES;
				BUNDLE_LOADER = "$(TEST_HOST)";
				CODE_SIGN_STYLE = Automatic;
				DEVELOPMENT_TEAM = F23TSX4L63;
				INFOPLIST_FILE = 05_WordScrambleTests/Info.plist;
				IPHONEOS_DEPLOYMENT_TARGET = 14.0;
				LD_RUNPATH_SEARCH_PATHS = (
					"$(inherited)",
					"@executable_path/Frameworks",
					"@loader_path/Frameworks",
				);
				PRODUCT_BUNDLE_IDENTIFIER = "austinDynamics.-5-WordScrambleTests";
				PRODUCT_NAME = "$(TARGET_NAME)";
				SWIFT_VERSION = 5.0;
				TARGETED_DEVICE_FAMILY = "1,2";
				TEST_HOST = "$(BUILT_PRODUCTS_DIR)/05_WordScramble.app/05_WordScramble";
			};
			name = Debug;
		};
		B126831325CA4F3A00D325EA /* Release */ = {
			isa = XCBuildConfiguration;
			buildSettings = {
				ALWAYS_EMBED_SWIFT_STANDARD_LIBRARIES = YES;
				BUNDLE_LOADER = "$(TEST_HOST)";
				CODE_SIGN_STYLE = Automatic;
				DEVELOPMENT_TEAM = F23TSX4L63;
				INFOPLIST_FILE = 05_WordScrambleTests/Info.plist;
				IPHONEOS_DEPLOYMENT_TARGET = 14.0;
				LD_RUNPATH_SEARCH_PATHS = (
					"$(inherited)",
					"@executable_path/Frameworks",
					"@loader_path/Frameworks",
				);
				PRODUCT_BUNDLE_IDENTIFIER = "austinDynamics.-5-WordScrambleTests";
				PRODUCT_NAME = "$(TARGET_NAME)";
				SWIFT_VERSION = 5.0;
				TARGETED_DEVICE_FAMILY = "1,2";
				TEST_HOST = "$(BUILT_PRODUCTS_DIR)/05_WordScramble.app/05_WordScramble";
			};
			name = Release;
		};
		B126831525CA4F3A00D325EA /* Debug */ = {
			isa = XCBuildConfiguration;
			buildSettings = {
				ALWAYS_EMBED_SWIFT_STANDARD_LIBRARIES = YES;
				CODE_SIGN_STYLE = Automatic;
				DEVELOPMENT_TEAM = F23TSX4L63;
				INFOPLIST_FILE = 05_WordScrambleUITests/Info.plist;
				LD_RUNPATH_SEARCH_PATHS = (
					"$(inherited)",
					"@executable_path/Frameworks",
					"@loader_path/Frameworks",
				);
				PRODUCT_BUNDLE_IDENTIFIER = "austinDynamics.-5-WordScrambleUITests";
				PRODUCT_NAME = "$(TARGET_NAME)";
				SWIFT_VERSION = 5.0;
				TARGETED_DEVICE_FAMILY = "1,2";
				TEST_TARGET_NAME = 05_WordScramble;
			};
			name = Debug;
		};
		B126831625CA4F3A00D325EA /* Release */ = {
			isa = XCBuildConfiguration;
			buildSettings = {
				ALWAYS_EMBED_SWIFT_STANDARD_LIBRARIES = YES;
				CODE_SIGN_STYLE = Automatic;
				DEVELOPMENT_TEAM = F23TSX4L63;
				INFOPLIST_FILE = 05_WordScrambleUITests/Info.plist;
				LD_RUNPATH_SEARCH_PATHS = (
					"$(inherited)",
					"@executable_path/Frameworks",
					"@loader_path/Frameworks",
				);
				PRODUCT_BUNDLE_IDENTIFIER = "austinDynamics.-5-WordScrambleUITests";
				PRODUCT_NAME = "$(TARGET_NAME)";
				SWIFT_VERSION = 5.0;
				TARGETED_DEVICE_FAMILY = "1,2";
				TEST_TARGET_NAME = 05_WordScramble;
			};
			name = Release;
		};
/* End XCBuildConfiguration section */

/* Begin XCConfigurationList section */
		B12682E425CA4F2B00D325EA /* Build configuration list for PBXProject "05_WordScramble" */ = {
			isa = XCConfigurationList;
			buildConfigurations = (
				B126830C25CA4F3A00D325EA /* Debug */,
				B126830D25CA4F3A00D325EA /* Release */,
			);
			defaultConfigurationIsVisible = 0;
			defaultConfigurationName = Release;
		};
		B126830E25CA4F3A00D325EA /* Build configuration list for PBXNativeTarget "05_WordScramble" */ = {
			isa = XCConfigurationList;
			buildConfigurations = (
				B126830F25CA4F3A00D325EA /* Debug */,
				B126831025CA4F3A00D325EA /* Release */,
			);
			defaultConfigurationIsVisible = 0;
			defaultConfigurationName = Release;
		};
		B126831125CA4F3A00D325EA /* Build configuration list for PBXNativeTarget "05_WordScrambleTests" */ = {
			isa = XCConfigurationList;
			buildConfigurations = (
				B126831225CA4F3A00D325EA /* Debug */,
				B126831325CA4F3A00D325EA /* Release */,
			);
			defaultConfigurationIsVisible = 0;
			defaultConfigurationName = Release;
		};
		B126831425CA4F3A00D325EA /* Build configuration list for PBXNativeTarget "05_WordScrambleUITests" */ = {
			isa = XCConfigurationList;
			buildConfigurations = (
				B126831525CA4F3A00D325EA /* Debug */,
				B126831625CA4F3A00D325EA /* Release */,
			);
			defaultConfigurationIsVisible = 0;
			defaultConfigurationName = Release;
		};
/* End XCConfigurationList section */
	};
	rootObject = B12682E125CA4F2B00D325EA /* Project object */;
}
